
Microsoft Visual Studio Solution File, Format Version 12.00
# Visual Studio 15
VisualStudioVersion = 15.0.26124.0
MinimumVisualStudioVersion = 15.0.26124.0
Project("{2150E333-8FDC-42A3-9474-1A3956D46DE8}") = "src", "src", "{AB954DB8-A588-48F0-BF74-977BA0B85A6A}"
EndProject
Project("{FAE04EC0-301F-11D3-BF4B-00C04F79EFBC}") = "SimpleAPI", "src\SimpleAPI\SimpleAPI.csproj", "{FE823017-15B9-4C63-B318-7052777FF97C}"
EndProject
Project("{2150E333-8FDC-42A3-9474-1A3956D46DE8}") = "test", "test", "{E920308A-3EC8-4288-BAB3-539F4E5032A2}"
EndProject
Project("{FAE04EC0-301F-11D3-BF4B-00C04F79EFBC}") = "SimpleAPI.Test", "test\simpleAPI.test\SimpleAPI.Test.csproj", "{14489C41-4169-46E1-A326-03EBDBDEF405}"
EndProject
Global
	GlobalSection(SolutionConfigurationPlatforms) = preSolution
		Debug|Any CPU = Debug|Any CPU
		Debug|x64 = Debug|x64
		Debug|x86 = Debug|x86
		Release|Any CPU = Release|Any CPU
		Release|x64 = Release|x64
		Release|x86 = Release|x86
	EndGlobalSection
	GlobalSection(SolutionProperties) = preSolution
		HideSolutionNode = FALSE
	EndGlobalSection
	GlobalSection(ProjectConfigurationPlatforms) = postSolution
		{FE823017-15B9-4C63-B318-7052777FF97C}.Debug|Any CPU.ActiveCfg = Debug|Any CPU
		{FE823017-15B9-4C63-B318-7052777FF97C}.Debug|Any CPU.Build.0 = Debug|Any CPU
		{FE823017-15B9-4C63-B318-7052777FF97C}.Debug|x64.ActiveCfg = Debug|Any CPU
		{FE823017-15B9-4C63-B318-7052777FF97C}.Debug|x64.Build.0 = Debug|Any CPU
		{FE823017-15B9-4C63-B318-7052777FF97C}.Debug|x86.ActiveCfg = Debug|Any CPU
		{FE823017-15B9-4C63-B318-7052777FF97C}.Debug|x86.Build.0 = Debug|Any CPU
		{FE823017-15B9-4C63-B318-7052777FF97C}.Release|Any CPU.ActiveCfg = Release|Any CPU
		{FE823017-15B9-4C63-B318-7052777FF97C}.Release|Any CPU.Build.0 = Release|Any CPU
		{FE823017-15B9-4C63-B318-7052777FF97C}.Release|x64.ActiveCfg = Release|Any CPU
		{FE823017-15B9-4C63-B318-7052777FF97C}.Release|x64.Build.0 = Release|Any CPU
		{FE823017-15B9-4C63-B318-7052777FF97C}.Release|x86.ActiveCfg = Release|Any CPU
		{FE823017-15B9-4C63-B318-7052777FF97C}.Release|x86.Build.0 = Release|Any CPU
		{14489C41-4169-46E1-A326-03EBDBDEF405}.Debug|Any CPU.ActiveCfg = Debug|Any CPU
		{14489C41-4169-46E1-A326-03EBDBDEF405}.Debug|Any CPU.Build.0 = Debug|Any CPU
		{14489C41-4169-46E1-A326-03EBDBDEF405}.Debug|x64.ActiveCfg = Debug|Any CPU
		{14489C41-4169-46E1-A326-03EBDBDEF405}.Debug|x64.Build.0 = Debug|Any CPU
		{14489C41-4169-46E1-A326-03EBDBDEF405}.Debug|x86.ActiveCfg = Debug|Any CPU
		{14489C41-4169-46E1-A326-03EBDBDEF405}.Debug|x86.Build.0 = Debug|Any CPU
		{14489C41-4169-46E1-A326-03EBDBDEF405}.Release|Any CPU.ActiveCfg = Release|Any CPU
		{14489C41-4169-46E1-A326-03EBDBDEF405}.Release|Any CPU.Build.0 = Release|Any CPU
		{14489C41-4169-46E1-A326-03EBDBDEF405}.Release|x64.ActiveCfg = Release|Any CPU
		{14489C41-4169-46E1-A326-03EBDBDEF405}.Release|x64.Build.0 = Release|Any CPU
		{14489C41-4169-46E1-A326-03EBDBDEF405}.Release|x86.ActiveCfg = Release|Any CPU
		{14489C41-4169-46E1-A326-03EBDBDEF405}.Release|x86.Build.0 = Release|Any CPU
	EndGlobalSection
	GlobalSection(NestedProjects) = preSolution
		{FE823017-15B9-4C63-B318-7052777FF97C} = {AB954DB8-A588-48F0-BF74-977BA0B85A6A}
		{14489C41-4169-46E1-A326-03EBDBDEF405} = {E920308A-3EC8-4288-BAB3-539F4E5032A2}
	EndGlobalSection
EndGlobal
